github.com/curtisnewbie/miso v0.1.3-0.20240628031452-40ac7296d9ae h1:HNa+B4XSKjoihqwKQhQUqSBcA5L2nVGzjw0OrGw3oFg=
github.com/curtisnewbie/miso v0.1.3-0.20240628031452-40ac7296d9ae/go.mod h1:GSQaBgCu9Mm97g/yyLcKs/fV4SxohiriZGD5VFuoiLs=
github.com/spf13/cast v1.6.0 h1:GEiTHELF+vaR5dhz3VqZfFSzZjYbgeKDpBxQVS4GYJ0=
